// !$*UTF8*$!
{
	archiveVersion = 1;
	classes = {
	};
	objectVersion = 50;
	objects = {

/* Begin PBXBuildFile section */
		1F27EB3B21AB69E0003066B9 /* Accounts.framework in Frameworks */ = {isa = PBXBuildFile; fileRef = 1F27EB3A21AB69E0003066B9 /* Accounts.framework */; };
		1F27EB3D21AB69E9003066B9 /* MessageUI.framework in Frameworks */ = {isa = PBXBuildFile; fileRef = 1F27EB3C21AB69E9003066B9 /* MessageUI.framework */; };
		1F27EB4C21AB806B003066B9 /* TableViewController.m in Sources */ = {isa = PBXBuildFile; fileRef = 1F27EB4B21AB806B003066B9 /* TableViewController.m */; };
		1F27EB4F21AB814C003066B9 /* GroupViewController.m in Sources */ = {isa = PBXBuildFile; fileRef = 1F27EB4E21AB814C003066B9 /* GroupViewController.m */; };
		721669FE21ADE74D00C9189D /* Contact.m in Sources */ = {isa = PBXBuildFile; fileRef = 721669FB21ADE74C00C9189D /* Contact.m */; };
		721669FF21ADE74D00C9189D /* Group.m in Sources */ = {isa = PBXBuildFile; fileRef = 721669FD21ADE74D00C9189D /* Group.m */; };
		72166A0221ADE78F00C9189D /* AddGroupViewController.m in Sources */ = {isa = PBXBuildFile; fileRef = 72166A0121ADE78F00C9189D /* AddGroupViewController.m */; };
		72166A0521AE0C7F00C9189D /* AddContactViewController.m in Sources */ = {isa = PBXBuildFile; fileRef = 72166A0421AE0C7F00C9189D /* AddContactViewController.m */; };
		72166A0821AE68A300C9189D /* ContactViewController.m in Sources */ = {isa = PBXBuildFile; fileRef = 72166A0721AE68A300C9189D /* ContactViewController.m */; };
		72CB322C21A4601B00A61C83 /* AppDelegate.m in Sources */ = {isa = PBXBuildFile; fileRef = 72CB322B21A4601B00A61C83 /* AppDelegate.m */; };
		72CB323221A4601B00A61C83 /* Main.storyboard in Resources */ = {isa = PBXBuildFile; fileRef = 72CB323021A4601B00A61C83 /* Main.storyboard */; };
		72CB323521A4601B00A61C83 /* SocialEmail.xcdatamodeld in Sources */ = {isa = PBXBuildFile; fileRef = 72CB323321A4601B00A61C83 /* SocialEmail.xcdatamodeld */; };
		72CB323721A4601C00A61C83 /* Assets.xcassets in Resources */ = {isa = PBXBuildFile; fileRef = 72CB323621A4601C00A61C83 /* Assets.xcassets */; };
		72CB323A21A4601C00A61C83 /* LaunchScreen.storyboard in Resources */ = {isa = PBXBuildFile; fileRef = 72CB323821A4601C00A61C83 /* LaunchScreen.storyboard */; };
		72CB323D21A4601C00A61C83 /* main.m in Sources */ = {isa = PBXBuildFile; fileRef = 72CB323C21A4601C00A61C83 /* main.m */; };
		72CB324721A4601C00A61C83 /* SocialEmailTests.m in Sources */ = {isa = PBXBuildFile; fileRef = 72CB324621A4601C00A61C83 /* SocialEmailTests.m */; };
		72CB325221A4601C00A61C83 /* SocialEmailUITests.m in Sources */ = {isa = PBXBuildFile; fileRef = 72CB325121A4601C00A61C83 /* SocialEmailUITests.m */; };
/* End PBXBuildFile section */

/* Begin PBXContainerItemProxy section */
		72CB324321A4601C00A61C83 /* PBXContainerItemProxy */ = {
			isa = PBXContainerItemProxy;
			containerPortal = 72CB321F21A4601B00A61C83 /* Project object */;
			proxyType = 1;
			remoteGlobalIDString = 72CB322621A4601B00A61C83;
			remoteInfo = SocialEmail;
		};
		72CB324E21A4601C00A61C83 /* PBXContainerItemProxy */ = {
			isa = PBXContainerItemProxy;
			containerPortal = 72CB321F21A4601B00A61C83 /* Project object */;
			proxyType = 1;
			remoteGlobalIDString = 72CB322621A4601B00A61C83;
			remoteInfo = SocialEmail;
		};
/* End PBXContainerItemProxy section */

/* Begin PBXFileReference section */
		1F27EB3A21AB69E0003066B9 /* Accounts.framework */ = {isa = PBXFileReference; lastKnownFileType = wrapper.framework; name = Accounts.framework; path = System/Library/Frameworks/Accounts.framework; sourceTree = SDKROOT; };
		1F27EB3C21AB69E9003066B9 /* MessageUI.framework */ = {isa = PBXFileReference; lastKnownFileType = wrapper.framework; name = MessageUI.framework; path = System/Library/Frameworks/MessageUI.framework; sourceTree = SDKROOT; };
		1F27EB4A21AB806B003066B9 /* TableViewController.h */ = {isa = PBXFileReference; lastKnownFileType = sourcecode.c.h; path = TableViewController.h; sourceTree = "<group>"; };
		1F27EB4B21AB806B003066B9 /* TableViewController.m */ = {isa = PBXFileReference; lastKnownFileType = sourcecode.c.objc; path = TableViewController.m; sourceTree = "<group>"; };
		1F27EB4D21AB814C003066B9 /* GroupViewController.h */ = {isa = PBXFileReference; lastKnownFileType = sourcecode.c.h; path = GroupViewController.h; sourceTree = "<group>"; };
		1F27EB4E21AB814C003066B9 /* GroupViewController.m */ = {isa = PBXFileReference; lastKnownFileType = sourcecode.c.objc; path = GroupViewController.m; sourceTree = "<group>"; };
		721669FA21ADE74C00C9189D /* Group.h */ = {isa = PBXFileReference; fileEncoding = 4; lastKnownFileType = sourcecode.c.h; path = Group.h; sourceTree = "<group>"; };
		721669FB21ADE74C00C9189D /* Contact.m */ = {isa = PBXFileReference; fileEncoding = 4; lastKnownFileType = sourcecode.c.objc; path = Contact.m; sourceTree = "<group>"; };
		721669FC21ADE74C00C9189D /* Contact.h */ = {isa = PBXFileReference; fileEncoding = 4; lastKnownFileType = sourcecode.c.h; path = Contact.h; sourceTree = "<group>"; };
		721669FD21ADE74D00C9189D /* Group.m */ = {isa = PBXFileReference; fileEncoding = 4; lastKnownFileType = sourcecode.c.objc; path = Group.m; sourceTree = "<group>"; };
		72166A0021ADE78F00C9189D /* AddGroupViewController.h */ = {isa = PBXFileReference; lastKnownFileType = sourcecode.c.h; path = AddGroupViewController.h; sourceTree = "<group>"; };
		72166A0121ADE78F00C9189D /* AddGroupViewController.m */ = {isa = PBXFileReference; lastKnownFileType = sourcecode.c.objc; path = AddGroupViewController.m; sourceTree = "<group>"; };
		72166A0321AE0C7F00C9189D /* AddContactViewController.h */ = {isa = PBXFileReference; lastKnownFileType = sourcecode.c.h; path = AddContactViewController.h; sourceTree = "<group>"; };
		72166A0421AE0C7F00C9189D /* AddContactViewController.m */ = {isa = PBXFileReference; lastKnownFileType = sourcecode.c.objc; path = AddContactViewController.m; sourceTree = "<group>"; };
		72166A0621AE68A300C9189D /* ContactViewController.h */ = {isa = PBXFileReference; lastKnownFileType = sourcecode.c.h; path = ContactViewController.h; sourceTree = "<group>"; };
		72166A0721AE68A300C9189D /* ContactViewController.m */ = {isa = PBXFileReference; lastKnownFileType = sourcecode.c.objc; path = ContactViewController.m; sourceTree = "<group>"; };
		72CB322721A4601B00A61C83 /* SocialEmail.app */ = {isa = PBXFileReference; explicitFileType = wrapper.application; includeInIndex = 0; path = SocialEmail.app; sourceTree = BUILT_PRODUCTS_DIR; };
		72CB322A21A4601B00A61C83 /* AppDelegate.h */ = {isa = PBXFileReference; lastKnownFileType = sourcecode.c.h; path = AppDelegate.h; sourceTree = "<group>"; };
		72CB322B21A4601B00A61C83 /* AppDelegate.m */ = {isa = PBXFileReference; lastKnownFileType = sourcecode.c.objc; path = AppDelegate.m; sourceTree = "<group>"; };
		72CB323121A4601B00A61C83 /* Base */ = {isa = PBXFileReference; lastKnownFileType = file.storyboard; name = Base; path = Base.lproj/Main.storyboard; sourceTree = "<group>"; };
		72CB323421A4601B00A61C83 /* SocialEmail.xcdatamodel */ = {isa = PBXFileReference; lastKnownFileType = wrapper.xcdatamodel; path = SocialEmail.xcdatamodel; sourceTree = "<group>"; };
		72CB323621A4601C00A61C83 /* Assets.xcassets */ = {isa = PBXFileReference; lastKnownFileType = folder.assetcatalog; path = Assets.xcassets; sourceTree = "<group>"; };
		72CB323921A4601C00A61C83 /* Base */ = {isa = PBXFileReference; lastKnownFileType = file.storyboard; name = Base; path = Base.lproj/LaunchScreen.storyboard; sourceTree = "<group>"; };
		72CB323B21A4601C00A61C83 /* Info.plist */ = {isa = PBXFileReference; lastKnownFileType = text.plist.xml; path = Info.plist; sourceTree = "<group>"; };
		72CB323C21A4601C00A61C83 /* main.m */ = {isa = PBXFileReference; lastKnownFileType = sourcecode.c.objc; path = main.m; sourceTree = "<group>"; };
		72CB324221A4601C00A61C83 /* SocialEmailTests.xctest */ = {isa = PBXFileReference; explicitFileType = wrapper.cfbundle; includeInIndex = 0; path = SocialEmailTests.xctest; sourceTree = BUILT_PRODUCTS_DIR; };
		72CB324621A4601C00A61C83 /* SocialEmailTests.m */ = {isa = PBXFileReference; lastKnownFileType = sourcecode.c.objc; path = SocialEmailTests.m; sourceTree = "<group>"; };
		72CB324821A4601C00A61C83 /* Info.plist */ = {isa = PBXFileReference; lastKnownFileType = text.plist.xml; path = Info.plist; sourceTree = "<group>"; };
		72CB324D21A4601C00A61C83 /* SocialEmailUITests.xctest */ = {isa = PBXFileReference; explicitFileType = wrapper.cfbundle; includeInIndex = 0; path = SocialEmailUITests.xctest; sourceTree = BUILT_PRODUCTS_DIR; };
		72CB325121A4601C00A61C83 /* SocialEmailUITests.m */ = {isa = PBXFileReference; lastKnownFileType = sourcecode.c.objc; path = SocialEmailUITests.m; sourceTree = "<group>"; };
		72CB325321A4601C00A61C83 /* Info.plist */ = {isa = PBXFileReference; lastKnownFileType = text.plist.xml; path = Info.plist; sourceTree = "<group>"; };
/* End PBXFileReference section */

/* Begin PBXFrameworksBuildPhase section */
		72CB322421A4601B00A61C83 /* Frameworks */ = {
			isa = PBXFrameworksBuildPhase;
			buildActionMask = 2147483647;
			files = (
				1F27EB3D21AB69E9003066B9 /* MessageUI.framework in Frameworks */,
				1F27EB3B21AB69E0003066B9 /* Accounts.framework in Frameworks */,
			);
			runOnlyForDeploymentPostprocessing = 0;
		};
		72CB323F21A4601C00A61C83 /* Frameworks */ = {
			isa = PBXFrameworksBuildPhase;
			buildActionMask = 2147483647;
			files = (
			);
			runOnlyForDeploymentPostprocessing = 0;
		};
		72CB324A21A4601C00A61C83 /* Frameworks */ = {
			isa = PBXFrameworksBuildPhase;
			buildActionMask = 2147483647;
			files = (
			);
			runOnlyForDeploymentPostprocessing = 0;
		};
/* End PBXFrameworksBuildPhase section */

/* Begin PBXGroup section */
		1F27EB3921AB69DF003066B9 /* Frameworks */ = {
			isa = PBXGroup;
			children = (
				1F27EB3C21AB69E9003066B9 /* MessageUI.framework */,
				1F27EB3A21AB69E0003066B9 /* Accounts.framework */,
			);
			name = Frameworks;
			sourceTree = "<group>";
		};
		72CB321E21A4601B00A61C83 = {
			isa = PBXGroup;
			children = (
				72CB322921A4601B00A61C83 /* SocialEmail */,
				72CB324521A4601C00A61C83 /* SocialEmailTests */,
				72CB325021A4601C00A61C83 /* SocialEmailUITests */,
				72CB322821A4601B00A61C83 /* Products */,
				1F27EB3921AB69DF003066B9 /* Frameworks */,
			);
			sourceTree = "<group>";
		};
		72CB322821A4601B00A61C83 /* Products */ = {
			isa = PBXGroup;
			children = (
				72CB322721A4601B00A61C83 /* SocialEmail.app */,
				72CB324221A4601C00A61C83 /* SocialEmailTests.xctest */,
				72CB324D21A4601C00A61C83 /* SocialEmailUITests.xctest */,
			);
			name = Products;
			sourceTree = "<group>";
		};
		72CB322921A4601B00A61C83 /* SocialEmail */ = {
			isa = PBXGroup;
			children = (
				721669FA21ADE74C00C9189D /* Group.h */,
				721669FD21ADE74D00C9189D /* Group.m */,
				721669FC21ADE74C00C9189D /* Contact.h */,
				721669FB21ADE74C00C9189D /* Contact.m */,
				72CB322A21A4601B00A61C83 /* AppDelegate.h */,
				72CB322B21A4601B00A61C83 /* AppDelegate.m */,
				1F27EB4A21AB806B003066B9 /* TableViewController.h */,
				1F27EB4B21AB806B003066B9 /* TableViewController.m */,
				72166A0621AE68A300C9189D /* ContactViewController.h */,
				72166A0721AE68A300C9189D /* ContactViewController.m */,
				72166A0021ADE78F00C9189D /* AddGroupViewController.h */,
				72166A0121ADE78F00C9189D /* AddGroupViewController.m */,
				1F27EB4D21AB814C003066B9 /* GroupViewController.h */,
				1F27EB4E21AB814C003066B9 /* GroupViewController.m */,
				72166A0321AE0C7F00C9189D /* AddContactViewController.h */,
				72166A0421AE0C7F00C9189D /* AddContactViewController.m */,
				72CB323021A4601B00A61C83 /* Main.storyboard */,
				72CB323621A4601C00A61C83 /* Assets.xcassets */,
				72CB323821A4601C00A61C83 /* LaunchScreen.storyboard */,
				72CB323B21A4601C00A61C83 /* Info.plist */,
				72CB323C21A4601C00A61C83 /* main.m */,
				72CB323321A4601B00A61C83 /* SocialEmail.xcdatamodeld */,
			);
			path = SocialEmail;
			sourceTree = "<group>";
		};
		72CB324521A4601C00A61C83 /* SocialEmailTests */ = {
			isa = PBXGroup;
			children = (
				72CB324621A4601C00A61C83 /* SocialEmailTests.m */,
				72CB324821A4601C00A61C83 /* Info.plist */,
			);
			path = SocialEmailTests;
			sourceTree = "<group>";
		};
		72CB325021A4601C00A61C83 /* SocialEmailUITests */ = {
			isa = PBXGroup;
			children = (
				72CB325121A4601C00A61C83 /* SocialEmailUITests.m */,
				72CB325321A4601C00A61C83 /* Info.plist */,
			);
			path = SocialEmailUITests;
			sourceTree = "<group>";
		};
/* End PBXGroup section */

/* Begin PBXNativeTarget section */
		72CB322621A4601B00A61C83 /* SocialEmail */ = {
			isa = PBXNativeTarget;
			buildConfigurationList = 72CB325621A4601C00A61C83 /* Build configuration list for PBXNativeTarget "SocialEmail" */;
			buildPhases = (
				72CB322321A4601B00A61C83 /* Sources */,
				72CB322421A4601B00A61C83 /* Frameworks */,
				72CB322521A4601B00A61C83 /* Resources */,
			);
			buildRules = (
			);
			dependencies = (
			);
			name = SocialEmail;
			productName = SocialEmail;
			productReference = 72CB322721A4601B00A61C83 /* SocialEmail.app */;
			productType = "com.apple.product-type.application";
		};
		72CB324121A4601C00A61C83 /* SocialEmailTests */ = {
			isa = PBXNativeTarget;
			buildConfigurationList = 72CB325921A4601C00A61C83 /* Build configuration list for PBXNativeTarget "SocialEmailTests" */;
			buildPhases = (
				72CB323E21A4601C00A61C83 /* Sources */,
				72CB323F21A4601C00A61C83 /* Frameworks */,
				72CB324021A4601C00A61C83 /* Resources */,
			);
			buildRules = (
			);
			dependencies = (
				72CB324421A4601C00A61C83 /* PBXTargetDependency */,
			);
			name = SocialEmailTests;
			productName = SocialEmailTests;
			productReference = 72CB324221A4601C00A61C83 /* SocialEmailTests.xctest */;
			productType = "com.apple.product-type.bundle.unit-test";
		};
		72CB324C21A4601C00A61C83 /* SocialEmailUITests */ = {
			isa = PBXNativeTarget;
			buildConfigurationList = 72CB325C21A4601C00A61C83 /* Build configuration list for PBXNativeTarget "SocialEmailUITests" */;
			buildPhases = (
				72CB324921A4601C00A61C83 /* Sources */,
				72CB324A21A4601C00A61C83 /* Frameworks */,
				72CB324B21A4601C00A61C83 /* Resources */,
			);
			buildRules = (
			);
			dependencies = (
				72CB324F21A4601C00A61C83 /* PBXTargetDependency */,
			);
			name = SocialEmailUITests;
			productName = SocialEmailUITests;
			productReference = 72CB324D21A4601C00A61C83 /* SocialEmailUITests.xctest */;
			productType = "com.apple.product-type.bundle.ui-testing";
		};
/* End PBXNativeTarget section */

/* Begin PBXProject section */
		72CB321F21A4601B00A61C83 /* Project object */ = {
			isa = PBXProject;
			attributes = {
				LastUpgradeCheck = 1000;
				ORGANIZATIONNAME = "Michelle and Tyler";
				TargetAttributes = {
					72CB322621A4601B00A61C83 = {
						CreatedOnToolsVersion = 10.0;
					};
					72CB324121A4601C00A61C83 = {
						CreatedOnToolsVersion = 10.0;
						TestTargetID = 72CB322621A4601B00A61C83;
					};
					72CB324C21A4601C00A61C83 = {
						CreatedOnToolsVersion = 10.0;
						TestTargetID = 72CB322621A4601B00A61C83;
					};
				};
			};
			buildConfigurationList = 72CB322221A4601B00A61C83 /* Build configuration list for PBXProject "SocialEmail" */;
			compatibilityVersion = "Xcode 9.3";
			developmentRegion = en;
			hasScannedForEncodings = 0;
			knownRegions = (
				en,
				Base,
			);
			mainGroup = 72CB321E21A4601B00A61C83;
			productRefGroup = 72CB322821A4601B00A61C83 /* Products */;
			projectDirPath = "";
			projectRoot = "";
			targets = (
				72CB322621A4601B00A61C83 /* SocialEmail */,
				72CB324121A4601C00A61C83 /* SocialEmailTests */,
				72CB324C21A4601C00A61C83 /* SocialEmailUITests */,
			);
		};
/* End PBXProject section */

/* Begin PBXResourcesBuildPhase section */
		72CB322521A4601B00A61C83 /* Resources */ = {
			isa = PBXResourcesBuildPhase;
			buildActionMask = 2147483647;
			files = (
				72CB323A21A4601C00A61C83 /* LaunchScreen.storyboard in Resources */,
				72CB323721A4601C00A61C83 /* Assets.xcassets in Resources */,
				72CB323221A4601B00A61C83 /* Main.storyboard in Resources */,
			);
			runOnlyForDeploymentPostprocessing = 0;
		};
		72CB324021A4601C00A61C83 /* Resources */ = {
			isa = PBXResourcesBuildPhase;
			buildActionMask = 2147483647;
			files = (
			);
			runOnlyForDeploymentPostprocessing = 0;
		};
		72CB324B21A4601C00A61C83 /* Resources */ = {
			isa = PBXResourcesBuildPhase;
			buildActionMask = 2147483647;
			files = (
			);
			runOnlyForDeploymentPostprocessing = 0;
		};
/* End PBXResourcesBuildPhase section */

/* Begin PBXSourcesBuildPhase section */
		72CB322321A4601B00A61C83 /* Sources */ = {
			isa = PBXSourcesBuildPhase;
			buildActionMask = 2147483647;
			files = (
				72166A0221ADE78F00C9189D /* AddGroupViewController.m in Sources */,
				72CB323521A4601B00A61C83 /* SocialEmail.xcdatamodeld in Sources */,
				72CB323D21A4601C00A61C83 /* main.m in Sources */,
				721669FF21ADE74D00C9189D /* Group.m in Sources */,
				1F27EB4C21AB806B003066B9 /* TableViewController.m in Sources */,
				72166A0821AE68A300C9189D /* ContactViewController.m in Sources */,
				1F27EB4F21AB814C003066B9 /* GroupViewController.m in Sources */,
				721669FE21ADE74D00C9189D /* Contact.m in Sources */,
				72166A0521AE0C7F00C9189D /* AddContactViewController.m in Sources */,
				72CB322C21A4601B00A61C83 /* AppDelegate.m in Sources */,
			);
			runOnlyForDeploymentPostprocessing = 0;
		};
		72CB323E21A4601C00A61C83 /* Sources */ = {
			isa = PBXSourcesBuildPhase;
			buildActionMask = 2147483647;
			files = (
				72CB324721A4601C00A61C83 /* SocialEmailTests.m in Sources */,
			);
			runOnlyForDeploymentPostprocessing = 0;
		};
		72CB324921A4601C00A61C83 /* Sources */ = {
			isa = PBXSourcesBuildPhase;
			buildActionMask = 2147483647;
			files = (
				72CB325221A4601C00A61C83 /* SocialEmailUITests.m in Sources */,
			);
			runOnlyForDeploymentPostprocessing = 0;
		};
/* End PBXSourcesBuildPhase section */

/* Begin PBXTargetDependency section */
		72CB324421A4601C00A61C83 /* PBXTargetDependency */ = {
			isa = PBXTargetDependency;
			target = 72CB322621A4601B00A61C83 /* SocialEmail */;
			targetProxy = 72CB324321A4601C00A61C83 /* PBXContainerItemProxy */;
		};
		72CB324F21A4601C00A61C83 /* PBXTargetDependency */ = {
			isa = PBXTargetDependency;
			target = 72CB322621A4601B00A61C83 /* SocialEmail */;
			targetProxy = 72CB324E21A4601C00A61C83 /* PBXContainerItemProxy */;
		};
/* End PBXTargetDependency section */

/* Begin PBXVariantGroup section */
		72CB323021A4601B00A61C83 /* Main.storyboard */ = {
			isa = PBXVariantGroup;
			children = (
				72CB323121A4601B00A61C83 /* Base */,
			);
			name = Main.storyboard;
			sourceTree = "<group>";
		};
		72CB323821A4601C00A61C83 /* LaunchScreen.storyboard */ = {
			isa = PBXVariantGroup;
			children = (
				72CB323921A4601C00A61C83 /* Base */,
			);
			name = LaunchScreen.storyboard;
			sourceTree = "<group>";
		};
/* End PBXVariantGroup section */

/* Begin XCBuildConfiguration section */
		72CB325421A4601C00A61C83 /* Debug */ = {
			isa = XCBuildConfiguration;
			buildSettings = {
				ALWAYS_SEARCH_USER_PATHS = NO;
				CLANG_ANALYZER_NONNULL = YES;
				CLANG_ANALYZER_NUMBER_OBJECT_CONVERSION = YES_AGGRESSIVE;
				CLANG_CXX_LANGUAGE_STANDARD = "gnu++14";
				CLANG_CXX_LIBRARY = "libc++";
				CLANG_ENABLE_MODULES = YES;
				CLANG_ENABLE_OBJC_ARC = YES;
				CLANG_ENABLE_OBJC_WEAK = YES;
				CLANG_WARN_BLOCK_CAPTURE_AUTORELEASING = YES;
				CLANG_WARN_BOOL_CONVERSION = YES;
				CLANG_WARN_COMMA = YES;
				CLANG_WARN_CONSTANT_CONVERSION = YES;
				CLANG_WARN_DEPRECATED_OBJC_IMPLEMENTATIONS = YES;
				CLANG_WARN_DIRECT_OBJC_ISA_USAGE = YES_ERROR;
				CLANG_WARN_DOCUMENTATION_COMMENTS = YES;
				CLANG_WARN_EMPTY_BODY = YES;
				CLANG_WARN_ENUM_CONVERSION = YES;
				CLANG_WARN_INFINITE_RECURSION = YES;
				CLANG_WARN_INT_CONVERSION = YES;
				CLANG_WARN_NON_LITERAL_NULL_CONVERSION = YES;
				CLANG_WARN_OBJC_IMPLICIT_RETAIN_SELF = YES;
				CLANG_WARN_OBJC_LITERAL_CONVERSION = YES;
				CLANG_WARN_OBJC_ROOT_CLASS = YES_ERROR;
				CLANG_WARN_RANGE_LOOP_ANALYSIS = YES;
				CLANG_WARN_STRICT_PROTOTYPES = YES;
				CLANG_WARN_SUSPICIOUS_MOVE = YES;
				CLANG_WARN_UNGUARDED_AVAILABILITY = YES_AGGRESSIVE;
				CLANG_WARN_UNREACHABLE_CODE = YES;
				CLANG_WARN__DUPLICATE_METHOD_MATCH = YES;
				CODE_SIGN_IDENTITY = "iPhone Developer";
				COPY_PHASE_STRIP = NO;
				DEBUG_INFORMATION_FORMAT = dwarf;
				ENABLE_STRICT_OBJC_MSGSEND = YES;
				ENABLE_TESTABILITY = YES;
				GCC_C_LANGUAGE_STANDARD = gnu11;
				GCC_DYNAMIC_NO_PIC = NO;
				GCC_NO_COMMON_BLOCKS = YES;
				GCC_OPTIMIZATION_LEVEL = 0;
				GCC_PREPROCESSOR_DEFINITIONS = (
					"DEBUG=1",
					"$(inherited)",
				);
				GCC_WARN_64_TO_32_BIT_CONVERSION = YES;
				GCC_WARN_ABOUT_RETURN_TYPE = YES_ERROR;
				GCC_WARN_UNDECLARED_SELECTOR = YES;
				GCC_WARN_UNINITIALIZED_AUTOS = YES_AGGRESSIVE;
				GCC_WARN_UNUSED_FUNCTION = YES;
				GCC_WARN_UNUSED_VARIABLE = YES;
				IPHONEOS_DEPLOYMENT_TARGET = 12.0;
				MTL_ENABLE_DEBUG_INFO = INCLUDE_SOURCE;
				MTL_FAST_MATH = YES;
				ONLY_ACTIVE_ARCH = YES;
				SDKROOT = iphoneos;
			};
			name = Debug;
		};
		72CB325521A4601C00A61C83 /* Release */ = {
			isa = XCBuildConfiguration;
			buildSettings = {
				ALWAYS_SEARCH_USER_PATHS = NO;
				CLANG_ANALYZER_NONNULL = YES;
				CLANG_ANALYZER_NUMBER_OBJECT_CONVERSION = YES_AGGRESSIVE;
				CLANG_CXX_LANGUAGE_STANDARD = "gnu++14";
				CLANG_CXX_LIBRARY = "libc++";
				CLANG_ENABLE_MODULES = YES;
				CLANG_ENABLE_OBJC_ARC = YES;
				CLANG_ENABLE_OBJC_WEAK = YES;
				CLANG_WARN_BLOCK_CAPTURE_AUTORELEASING = YES;
				CLANG_WARN_BOOL_CONVERSION = YES;
				CLANG_WARN_COMMA = YES;
				CLANG_WARN_CONSTANT_CONVERSION = YES;
				CLANG_WARN_DEPRECATED_OBJC_IMPLEMENTATIONS = YES;
				CLANG_WARN_DIRECT_OBJC_ISA_USAGE = YES_ERROR;
				CLANG_WARN_DOCUMENTATION_COMMENTS = YES;
				CLANG_WARN_EMPTY_BODY = YES;
				CLANG_WARN_ENUM_CONVERSION = YES;
				CLANG_WARN_INFINITE_RECURSION = YES;
				CLANG_WARN_INT_CONVERSION = YES;
				CLANG_WARN_NON_LITERAL_NULL_CONVERSION = YES;
				CLANG_WARN_OBJC_IMPLICIT_RETAIN_SELF = YES;
				CLANG_WARN_OBJC_LITERAL_CONVERSION = YES;
				CLANG_WARN_OBJC_ROOT_CLASS = YES_ERROR;
				CLANG_WARN_RANGE_LOOP_ANALYSIS = YES;
				CLANG_WARN_STRICT_PROTOTYPES = YES;
				CLANG_WARN_SUSPICIOUS_MOVE = YES;
				CLANG_WARN_UNGUARDED_AVAILABILITY = YES_AGGRESSIVE;
				CLANG_WARN_UNREACHABLE_CODE = YES;
				CLANG_WARN__DUPLICATE_METHOD_MATCH = YES;
				CODE_SIGN_IDENTITY = "iPhone Developer";
				COPY_PHASE_STRIP = NO;
				DEBUG_INFORMATION_FORMAT = "dwarf-with-dsym";
				ENABLE_NS_ASSERTIONS = NO;
				ENABLE_STRICT_OBJC_MSGSEND = YES;
				GCC_C_LANGUAGE_STANDARD = gnu11;
				GCC_NO_COMMON_BLOCKS = YES;
				GCC_WARN_64_TO_32_BIT_CONVERSION = YES;
				GCC_WARN_ABOUT_RETURN_TYPE = YES_ERROR;
				GCC_WARN_UNDECLARED_SELECTOR = YES;
				GCC_WARN_UNINITIALIZED_AUTOS = YES_AGGRESSIVE;
				GCC_WARN_UNUSED_FUNCTION = YES;
				GCC_WARN_UNUSED_VARIABLE = YES;
				IPHONEOS_DEPLOYMENT_TARGET = 12.0;
				MTL_ENABLE_DEBUG_INFO = NO;
				MTL_FAST_MATH = YES;
				SDKROOT = iphoneos;
				VALIDATE_PRODUCT = YES;
			};
			name = Release;
		};
		72CB325721A4601C00A61C83 /* Debug */ = {
			isa = XCBuildConfiguration;
			buildSettings = {
				ASSETCATALOG_COMPILER_APPICON_NAME = AppIcon;
				CODE_SIGN_STYLE = Automatic;
				DEVELOPMENT_TEAM = AWCRMQBEL6;
				INFOPLIST_FILE = SocialEmail/Info.plist;
				IPHONEOS_DEPLOYMENT_TARGET = 11.3;
				LD_RUNPATH_SEARCH_PATHS = (
					"$(inherited)",
					"@executable_path/Frameworks",
				);
				PRODUCT_BUNDLE_IDENTIFIER = michelleandtyler.SocialEmail;
				PRODUCT_NAME = "$(TARGET_NAME)";
				TARGETED_DEVICE_FAMILY = "1,2";
			};
			name = Debug;
		};
		72CB325821A4601C00A61C83 /* Release */ = {
			isa = XCBuildConfiguration;
			buildSettings = {
				ASSETCATALOG_COMPILER_APPICON_NAME = AppIcon;
				CODE_SIGN_STYLE = Automatic;
				DEVELOPMENT_TEAM = AWCRMQBEL6;
				INFOPLIST_FILE = SocialEmail/Info.plist;
				IPHONEOS_DEPLOYMENT_TARGET = 11.3;
				LD_RUNPATH_SEARCH_PATHS = (
					"$(inherited)",
					"@executable_path/Frameworks",
				);
				PRODUCT_BUNDLE_IDENTIFIER = michelleandtyler.SocialEmail;
				PRODUCT_NAME = "$(TARGET_NAME)";
				TARGETED_DEVICE_FAMILY = "1,2";
			};
			name = Release;
		};
		72CB325A21A4601C00A61C83 /* Debug */ = {
			isa = XCBuildConfiguration;
			buildSettings = {
				BUNDLE_LOADER = "$(TEST_HOST)";
				CODE_SIGN_STYLE = Automatic;
				DEVELOPMENT_TEAM = AWCRMQBEL6;
				INFOPLIST_FILE = SocialEmailTests/Info.plist;
				LD_RUNPATH_SEARCH_PATHS = (
					"$(inherited)",
					"@executable_path/Frameworks",
					"@loader_path/Frameworks",
				);
				PRODUCT_BUNDLE_IDENTIFIER = michelleandtyler.SocialEmailTests;
				PRODUCT_NAME = "$(TARGET_NAME)";
				TARGETED_DEVICE_FAMILY = "1,2";
				TEST_HOST = "$(BUILT_PRODUCTS_DIR)/SocialEmail.app/SocialEmail";
			};
			name = Debug;
		};
		72CB325B21A4601C00A61C83 /* Release */ = {
			isa = XCBuildConfiguration;
			buildSettings = {
				BUNDLE_LOADER = "$(TEST_HOST)";
				CODE_SIGN_STYLE = Automatic;
				DEVELOPMENT_TEAM = AWCRMQBEL6;
				INFOPLIST_FILE = SocialEmailTests/Info.plist;
				LD_RUNPATH_SEARCH_PATHS = (
					"$(inherited)",
					"@executable_path/Frameworks",
					"@loader_path/Frameworks",
				);
				PRODUCT_BUNDLE_IDENTIFIER = michelleandtyler.SocialEmailTests;
				PRODUCT_NAME = "$(TARGET_NAME)";
				TARGETED_DEVICE_FAMILY = "1,2";
				TEST_HOST = "$(BUILT_PRODUCTS_DIR)/SocialEmail.app/SocialEmail";
			};
			name = Release;
		};
		72CB325D21A4601C00A61C83 /* Debug */ = {
			isa = XCBuildConfiguration;
			buildSettings = {
				CODE_SIGN_STYLE = Automatic;
				DEVELOPMENT_TEAM = AWCRMQBEL6;
				INFOPLIST_FILE = SocialEmailUITests/Info.plist;
				LD_RUNPATH_SEARCH_PATHS = (
					"$(inherited)",
					"@executable_path/Frameworks",
					"@loader_path/Frameworks",
				);
				PRODUCT_BUNDLE_IDENTIFIER = michelleandtyler.SocialEmailUITests;
				PRODUCT_NAME = "$(TARGET_NAME)";
				TARGETED_DEVICE_FAMILY = "1,2";
				TEST_TARGET_NAME = SocialEmail;
			};
			name = Debug;
		};
		72CB325E21A4601C00A61C83 /* Release */ = {
			isa = XCBuildConfiguration;
			buildSettings = {
				CODE_SIGN_STYLE = Automatic;
				DEVELOPMENT_TEAM = AWCRMQBEL6;
				INFOPLIST_FILE = SocialEmailUITests/Info.plist;
				LD_RUNPATH_SEARCH_PATHS = (
					"$(inherited)",
					"@executable_path/Frameworks",
					"@loader_path/Frameworks",
				);
				PRODUCT_BUNDLE_IDENTIFIER = michelleandtyler.SocialEmailUITests;
				PRODUCT_NAME = "$(TARGET_NAME)";
				TARGETED_DEVICE_FAMILY = "1,2";
				TEST_TARGET_NAME = SocialEmail;
			};
			name = Release;
		};
/* End XCBuildConfiguration section */

/* Begin XCConfigurationList section */
		72CB322221A4601B00A61C83 /* Build configuration list for PBXProject "SocialEmail" */ = {
			isa = XCConfigurationList;
			buildConfigurations = (
				72CB325421A4601C00A61C83 /* Debug */,
				72CB325521A4601C00A61C83 /* Release */,
			);
			defaultConfigurationIsVisible = 0;
			defaultConfigurationName = Release;
		};
		72CB325621A4601C00A61C83 /* Build configuration list for PBXNativeTarget "SocialEmail" */ = {
			isa = XCConfigurationList;
			buildConfigurations = (
				72CB325721A4601C00A61C83 /* Debug */,
				72CB325821A4601C00A61C83 /* Release */,
			);
			defaultConfigurationIsVisible = 0;
			defaultConfigurationName = Release;
		};
		72CB325921A4601C00A61C83 /* Build configuration list for PBXNativeTarget "SocialEmailTests" */ = {
			isa = XCConfigurationList;
			buildConfigurations = (
				72CB325A21A4601C00A61C83 /* Debug */,
				72CB325B21A4601C00A61C83 /* Release */,
			);
			defaultConfigurationIsVisible = 0;
			defaultConfigurationName = Release;
		};
		72CB325C21A4601C00A61C83 /* Build configuration list for PBXNativeTarget "SocialEmailUITests" */ = {
			isa = XCConfigurationList;
			buildConfigurations = (
				72CB325D21A4601C00A61C83 /* Debug */,
				72CB325E21A4601C00A61C83 /* Release */,
			);
			defaultConfigurationIsVisible = 0;
			defaultConfigurationName = Release;
		};
/* End XCConfigurationList section */

/* Begin XCVersionGroup section */
		72CB323321A4601B00A61C83 /* SocialEmail.xcdatamodeld */ = {
			isa = XCVersionGroup;
			children = (
				72CB323421A4601B00A61C83 /* SocialEmail.xcdatamodel */,
			);
			currentVersion = 72CB323421A4601B00A61C83 /* SocialEmail.xcdatamodel */;
			path = SocialEmail.xcdatamodeld;
			sourceTree = "<group>";
			versionGroupType = wrapper.xcdatamodel;
		};
/* End XCVersionGroup section */
	};
	rootObject = 72CB321F21A4601B00A61C83 /* Project object */;
}
